PODS:
  - SwiftPermissionManager (0.2.4)

DEPENDENCIES:
  - SwiftPermissionManager (from `../`)

EXTERNAL SOURCES:
  SwiftPermissionManager:
    :path: "../"

SPEC CHECKSUMS:
  SwiftPermissionManager: fec24ab8efe9d8ed0e6f380dd81f75f1a802dadf

PODFILE CHECKSUM: f2e8ba692c02a9b5e7b05ca077f6822f408bc534

COCOAPODS: 1.10.0
