PODS:
  - SwiftPermissionManager (1.0.2)

DEPENDENCIES:
  - SwiftPermissionManager (from `../`)

EXTERNAL SOURCES:
  SwiftPermissionManager:
    :path: "../"

SPEC CHECKSUMS:
  SwiftPermissionManager: 594c19631a1cc81ab6559c8e635d406c5f65d85f

PODFILE CHECKSUM: f2e8ba692c02a9b5e7b05ca077f6822f408bc534

COCOAPODS: 1.10.0
